
Microsoft Visual Studio Solution File, Format Version 12.00
# Visual Studio Version 17
VisualStudioVersion = 17.7.34221.43
MinimumVisualStudioVersion = 10.0.40219.1
Project("{FAE04EC0-301F-11D3-BF4B-00C04F79EFBC}") = "PortfolioProjectWithCore", "PortfolioProjectWithCore\PortfolioProjectWithCore.csproj", "{26A306A7-49A6-4CBF-9FBA-4771B595AEDA}"
EndProject
Project("{FAE04EC0-301F-11D3-BF4B-00C04F79EFBC}") = "DataAccessLayer", "DataAccessLayer\DataAccessLayer.csproj", "{C8E20B47-E2FF-44D7-8B6A-688AFBB3FB0E}"
EndProject
Project("{FAE04EC0-301F-11D3-BF4B-00C04F79EFBC}") = "EntityLayer", "EntityLayer\EntityLayer.csproj", "{B12916A4-7E99-4538-AA70-CA9E98D0A5FA}"
EndProject
Project("{FAE04EC0-301F-11D3-BF4B-00C04F79EFBC}") = "BussinessLayer", "BussinessLayer\BussinessLayer.csproj", "{149F5273-3389-450E-88EC-A2E6CC2DF9C4}"
EndProject
Global
	GlobalSection(SolutionConfigurationPlatforms) = preSolution
		Debug|Any CPU = Debug|Any CPU
		Release|Any CPU = Release|Any CPU
	EndGlobalSection
	GlobalSection(ProjectConfigurationPlatforms) = postSolution
		{26A306A7-49A6-4CBF-9FBA-4771B595AEDA}.Debug|Any CPU.ActiveCfg = Debug|Any CPU
		{26A306A7-49A6-4CBF-9FBA-4771B595AEDA}.Debug|Any CPU.Build.0 = Debug|Any CPU
		{26A306A7-49A6-4CBF-9FBA-4771B595AEDA}.Release|Any CPU.ActiveCfg = Release|Any CPU
		{26A306A7-49A6-4CBF-9FBA-4771B595AEDA}.Release|Any CPU.Build.0 = Release|Any CPU
		{C8E20B47-E2FF-44D7-8B6A-688AFBB3FB0E}.Debug|Any CPU.ActiveCfg = Debug|Any CPU
		{C8E20B47-E2FF-44D7-8B6A-688AFBB3FB0E}.Debug|Any CPU.Build.0 = Debug|Any CPU
		{C8E20B47-E2FF-44D7-8B6A-688AFBB3FB0E}.Release|Any CPU.ActiveCfg = Release|Any CPU
		{C8E20B47-E2FF-44D7-8B6A-688AFBB3FB0E}.Release|Any CPU.Build.0 = Release|Any CPU
		{B12916A4-7E99-4538-AA70-CA9E98D0A5FA}.Debug|Any CPU.ActiveCfg = Debug|Any CPU
		{B12916A4-7E99-4538-AA70-CA9E98D0A5FA}.Debug|Any CPU.Build.0 = Debug|Any CPU
		{B12916A4-7E99-4538-AA70-CA9E98D0A5FA}.Release|Any CPU.ActiveCfg = Release|Any CPU
		{B12916A4-7E99-4538-AA70-CA9E98D0A5FA}.Release|Any CPU.Build.0 = Release|Any CPU
		{149F5273-3389-450E-88EC-A2E6CC2DF9C4}.Debug|Any CPU.ActiveCfg = Debug|Any CPU
		{149F5273-3389-450E-88EC-A2E6CC2DF9C4}.Debug|Any CPU.Build.0 = Debug|Any CPU
		{149F5273-3389-450E-88EC-A2E6CC2DF9C4}.Release|Any CPU.ActiveCfg = Release|Any CPU
		{149F5273-3389-450E-88EC-A2E6CC2DF9C4}.Release|Any CPU.Build.0 = Release|Any CPU
	EndGlobalSection
	GlobalSection(SolutionProperties) = preSolution
		HideSolutionNode = FALSE
	EndGlobalSection
	GlobalSection(ExtensibilityGlobals) = postSolution
		SolutionGuid = {B16C55B5-9F36-4534-834D-A2F5C63B0B13}
	EndGlobalSection
EndGlobal
